
Microsoft Visual Studio Solution File, Format Version 12.00
# Visual Studio Version 17
VisualStudioVersion = 17.2.32519.379
MinimumVisualStudioVersion = 10.0.40219.1
Project("{FAE04EC0-301F-11D3-BF4B-00C04F79EFBC}") = "OrdererWebApp", "OrdererWebApp\OrdererWebApp.csproj", "{E0AC5786-73F0-4456-B8AA-502AEC72F77F}"
EndProject
Project("{9A19103F-16F7-4668-BE54-9A1E7A4F7556}") = "BusinessData", "..\..\Common\BusinessData\BusinessData.csproj", "{190AF58D-B328-4B8C-B561-3A4649E460F4}"
EndProject
Project("{9A19103F-16F7-4668-BE54-9A1E7A4F7556}") = "BusinessRazor", "..\..\Common\BusinessRazor\BusinessRazor.csproj", "{45757842-C34E-40AD-BFD3-C40FA1B03819}"
EndProject
Project("{9A19103F-16F7-4668-BE54-9A1E7A4F7556}") = "OrdererData", "..\OrdererCommon\OrdererData\OrdererData.csproj", "{3F2974C6-0A3A-4716-918E-C573E0705129}"
EndProject
Project("{9A19103F-16F7-4668-BE54-9A1E7A4F7556}") = "OrdererRazor", "..\OrdererCommon\OrdererRazor\OrdererRazor.csproj", "{66085F67-6425-4666-B69B-0C34A8002004}"
EndProject
Project("{FAE04EC0-301F-11D3-BF4B-00C04F79EFBC}") = "OrdererWebAPIServer", "..\OrdererServer\OrdererWebAPIServer\OrdererWebAPIServer.csproj", "{3988915B-6BBC-41BD-B6F4-A52D0A210313}"
EndProject
Global
	GlobalSection(SolutionConfigurationPlatforms) = preSolution
		Debug|Any CPU = Debug|Any CPU
		Release|Any CPU = Release|Any CPU
	EndGlobalSection
	GlobalSection(ProjectConfigurationPlatforms) = postSolution
		{E0AC5786-73F0-4456-B8AA-502AEC72F77F}.Debug|Any CPU.ActiveCfg = Debug|Any CPU
		{E0AC5786-73F0-4456-B8AA-502AEC72F77F}.Debug|Any CPU.Build.0 = Debug|Any CPU
		{E0AC5786-73F0-4456-B8AA-502AEC72F77F}.Release|Any CPU.ActiveCfg = Release|Any CPU
		{E0AC5786-73F0-4456-B8AA-502AEC72F77F}.Release|Any CPU.Build.0 = Release|Any CPU
		{190AF58D-B328-4B8C-B561-3A4649E460F4}.Debug|Any CPU.ActiveCfg = Debug|Any CPU
		{190AF58D-B328-4B8C-B561-3A4649E460F4}.Debug|Any CPU.Build.0 = Debug|Any CPU
		{190AF58D-B328-4B8C-B561-3A4649E460F4}.Release|Any CPU.ActiveCfg = Release|Any CPU
		{190AF58D-B328-4B8C-B561-3A4649E460F4}.Release|Any CPU.Build.0 = Release|Any CPU
		{45757842-C34E-40AD-BFD3-C40FA1B03819}.Debug|Any CPU.ActiveCfg = Debug|Any CPU
		{45757842-C34E-40AD-BFD3-C40FA1B03819}.Debug|Any CPU.Build.0 = Debug|Any CPU
		{45757842-C34E-40AD-BFD3-C40FA1B03819}.Release|Any CPU.ActiveCfg = Release|Any CPU
		{45757842-C34E-40AD-BFD3-C40FA1B03819}.Release|Any CPU.Build.0 = Release|Any CPU
		{3F2974C6-0A3A-4716-918E-C573E0705129}.Debug|Any CPU.ActiveCfg = Debug|Any CPU
		{3F2974C6-0A3A-4716-918E-C573E0705129}.Debug|Any CPU.Build.0 = Debug|Any CPU
		{3F2974C6-0A3A-4716-918E-C573E0705129}.Release|Any CPU.ActiveCfg = Release|Any CPU
		{3F2974C6-0A3A-4716-918E-C573E0705129}.Release|Any CPU.Build.0 = Release|Any CPU
		{66085F67-6425-4666-B69B-0C34A8002004}.Debug|Any CPU.ActiveCfg = Debug|Any CPU
		{66085F67-6425-4666-B69B-0C34A8002004}.Debug|Any CPU.Build.0 = Debug|Any CPU
		{66085F67-6425-4666-B69B-0C34A8002004}.Release|Any CPU.ActiveCfg = Release|Any CPU
		{66085F67-6425-4666-B69B-0C34A8002004}.Release|Any CPU.Build.0 = Release|Any CPU
		{3988915B-6BBC-41BD-B6F4-A52D0A210313}.Debug|Any CPU.ActiveCfg = Debug|Any CPU
		{3988915B-6BBC-41BD-B6F4-A52D0A210313}.Debug|Any CPU.Build.0 = Debug|Any CPU
		{3988915B-6BBC-41BD-B6F4-A52D0A210313}.Release|Any CPU.ActiveCfg = Release|Any CPU
		{3988915B-6BBC-41BD-B6F4-A52D0A210313}.Release|Any CPU.Build.0 = Release|Any CPU
	EndGlobalSection
	GlobalSection(SolutionProperties) = preSolution
		HideSolutionNode = FALSE
	EndGlobalSection
	GlobalSection(ExtensibilityGlobals) = postSolution
		SolutionGuid = {2B4D386A-4704-4BB4-8700-88F4726E791A}
	EndGlobalSection
EndGlobal
